
Microsoft Visual Studio Solution File, Format Version 12.00
# Visual Studio Version 17
VisualStudioVersion = 17.14.36401.2 d17.14
MinimumVisualStudioVersion = 10.0.40219.1
Project("{FAE04EC0-301F-11D3-BF4B-00C04F79EFBC}") = "MauiAppMinhasCompras", "MauiAppMinhasCompras\MauiAppMinhasCompras.csproj", "{5D82C52C-FA17-4601-912A-43F0BF6067A4}"
EndProject
Global
	GlobalSection(SolutionConfigurationPlatforms) = preSolution
		Debug|Any CPU = Debug|Any CPU
		Release|Any CPU = Release|Any CPU
	EndGlobalSection
	GlobalSection(ProjectConfigurationPlatforms) = postSolution
		{5D82C52C-FA17-4601-912A-43F0BF6067A4}.Debug|Any CPU.ActiveCfg = Debug|Any CPU
		{5D82C52C-FA17-4601-912A-43F0BF6067A4}.Debug|Any CPU.Build.0 = Debug|Any CPU
		{5D82C52C-FA17-4601-912A-43F0BF6067A4}.Debug|Any CPU.Deploy.0 = Debug|Any CPU
		{5D82C52C-FA17-4601-912A-43F0BF6067A4}.Release|Any CPU.ActiveCfg = Release|Any CPU
		{5D82C52C-FA17-4601-912A-43F0BF6067A4}.Release|Any CPU.Build.0 = Release|Any CPU
		{5D82C52C-FA17-4601-912A-43F0BF6067A4}.Release|Any CPU.Deploy.0 = Release|Any CPU
	EndGlobalSection
	GlobalSection(SolutionProperties) = preSolution
		HideSolutionNode = FALSE
	EndGlobalSection
	GlobalSection(ExtensibilityGlobals) = postSolution
		SolutionGuid = {DC94DA4E-EEB9-44A2-8FBC-08C8CC86F4F8}
	EndGlobalSection
EndGlobal
